// !$*UTF8*$!
{
	archiveVersion = 1;
	classes = {
	};
	objectVersion = 46;
	objects = {

/* Begin PBXBuildFile section */
		E41EAD711EE6A0760099AF7D /* main.m in Sources */ = {isa = PBXBuildFile; fileRef = E41EAD701EE6A0760099AF7D /* main.m */; };
		E41EAD741EE6A0760099AF7D /* AppDelegate.m in Sources */ = {isa = PBXBuildFile; fileRef = E41EAD731EE6A0760099AF7D /* AppDelegate.m */; };
		E41EAD771EE6A0760099AF7D /* ViewController.m in Sources */ = {isa = PBXBuildFile; fileRef = E41EAD761EE6A0760099AF7D /* ViewController.m */; };
		E41EAD7A1EE6A0760099AF7D /* Main.storyboard in Resources */ = {isa = PBXBuildFile; fileRef = E41EAD781EE6A0760099AF7D /* Main.storyboard */; };
		E41EAD7C1EE6A0760099AF7D /* Assets.xcassets in Resources */ = {isa = PBXBuildFile; fileRef = E41EAD7B1EE6A0760099AF7D /* Assets.xcassets */; };
		E41EAD7F1EE6A0760099AF7D /* LaunchScreen.storyboard in Resources */ = {isa = PBXBuildFile; fileRef = E41EAD7D1EE6A0760099AF7D /* LaunchScreen.storyboard */; };
		E41EAD871EE6A18C0099AF7D /* 3-14112G04423.jpg in Resources */ = {isa = PBXBuildFile; fileRef = E41EAD861EE6A18C0099AF7D /* 3-14112G04423.jpg */; };
		E41EAD8B1EE6ADBD0099AF7D /* WeiView.m in Sources */ = {isa = PBXBuildFile; fileRef = E41EAD8A1EE6ADBD0099AF7D /* WeiView.m */; };
/* End PBXBuildFile section */

/* Begin PBXFileReference section */
		E41EAD6C1EE6A0760099AF7D /* TestImage.app */ = {isa = PBXFileReference; explicitFileType = wrapper.application; includeInIndex = 0; path = TestImage.app; sourceTree = BUILT_PRODUCTS_DIR; };
		E41EAD701EE6A0760099AF7D /* main.m */ = {isa = PBXFileReference; lastKnownFileType = sourcecode.c.objc; path = main.m; sourceTree = "<group>"; };
		E41EAD721EE6A0760099AF7D /* AppDelegate.h */ = {isa = PBXFileReference; lastKnownFileType = sourcecode.c.h; path = AppDelegate.h; sourceTree = "<group>"; };
		E41EAD731EE6A0760099AF7D /* AppDelegate.m */ = {isa = PBXFileReference; lastKnownFileType = sourcecode.c.objc; path = AppDelegate.m; sourceTree = "<group>"; };
		E41EAD751EE6A0760099AF7D /* ViewController.h */ = {isa = PBXFileReference; lastKnownFileType = sourcecode.c.h; path = ViewController.h; sourceTree = "<group>"; };
		E41EAD761EE6A0760099AF7D /* ViewController.m */ = {isa = PBXFileReference; lastKnownFileType = sourcecode.c.objc; path = ViewController.m; sourceTree = "<group>"; };
		E41EAD791EE6A0760099AF7D /* Base */ = {isa = PBXFileReference; lastKnownFileType = file.storyboard; name = Base; path = Base.lproj/Main.storyboard; sourceTree = "<group>"; };
		E41EAD7B1EE6A0760099AF7D /* Assets.xcassets */ = {isa = PBXFileReference; lastKnownFileType = folder.assetcatalog; path = Assets.xcassets; sourceTree = "<group>"; };
		E41EAD7E1EE6A0760099AF7D /* Base */ = {isa = PBXFileReference; lastKnownFileType = file.storyboard; name = Base; path = Base.lproj/LaunchScreen.storyboard; sourceTree = "<group>"; };
		E41EAD801EE6A0760099AF7D /* Info.plist */ = {isa = PBXFileReference; lastKnownFileType = text.plist.xml; path = Info.plist; sourceTree = "<group>"; };
		E41EAD861EE6A18C0099AF7D /* 3-14112G04423.jpg */ = {isa = PBXFileReference; lastKnownFileType = image.jpeg; path = "3-14112G04423.jpg"; sourceTree = "<group>"; };
		E41EAD891EE6ADBD0099AF7D /* WeiView.h */ = {isa = PBXFileReference; fileEncoding = 4; lastKnownFileType = sourcecode.c.h; path = WeiView.h; sourceTree = "<group>"; };
		E41EAD8A1EE6ADBD0099AF7D /* WeiView.m */ = {isa = PBXFileReference; fileEncoding = 4; lastKnownFileType = sourcecode.c.objc; path = WeiView.m; sourceTree = "<group>"; };
/* End PBXFileReference section */

/* Begin PBXFrameworksBuildPhase section */
		E41EAD691EE6A0760099AF7D /* Frameworks */ = {
			isa = PBXFrameworksBuildPhase;
			buildActionMask = 2147483647;
			files = (
			);
			runOnlyForDeploymentPostprocessing = 0;
		};
/* End PBXFrameworksBuildPhase section */

/* Begin PBXGroup section */
		E41EAD631EE6A0760099AF7D = {
			isa = PBXGroup;
			children = (
				E41EAD6E1EE6A0760099AF7D /* TestImage */,
				E41EAD6D1EE6A0760099AF7D /* Products */,
			);
			sourceTree = "<group>";
		};
		E41EAD6D1EE6A0760099AF7D /* Products */ = {
			isa = PBXGroup;
			children = (
				E41EAD6C1EE6A0760099AF7D /* TestImage.app */,
			);
			name = Products;
			sourceTree = "<group>";
		};
		E41EAD6E1EE6A0760099AF7D /* TestImage */ = {
			isa = PBXGroup;
			children = (
				E41EAD861EE6A18C0099AF7D /* 3-14112G04423.jpg */,
				E41EAD721EE6A0760099AF7D /* AppDelegate.h */,
				E41EAD731EE6A0760099AF7D /* AppDelegate.m */,
				E41EAD751EE6A0760099AF7D /* ViewController.h */,
				E41EAD761EE6A0760099AF7D /* ViewController.m */,
				E41EAD781EE6A0760099AF7D /* Main.storyboard */,
				E41EAD7B1EE6A0760099AF7D /* Assets.xcassets */,
				E41EAD7D1EE6A0760099AF7D /* LaunchScreen.storyboard */,
				E41EAD801EE6A0760099AF7D /* Info.plist */,
				E41EAD6F1EE6A0760099AF7D /* Supporting Files */,
				E41EAD891EE6ADBD0099AF7D /* WeiView.h */,
				E41EAD8A1EE6ADBD0099AF7D /* WeiView.m */,
			);
			path = TestImage;
			sourceTree = "<group>";
		};
		E41EAD6F1EE6A0760099AF7D /* Supporting Files */ = {
			isa = PBXGroup;
			children = (
				E41EAD701EE6A0760099AF7D /* main.m */,
			);
			name = "Supporting Files";
			sourceTree = "<group>";
		};
/* End PBXGroup section */

/* Begin PBXNativeTarget section */
		E41EAD6B1EE6A0760099AF7D /* TestImage */ = {
			isa = PBXNativeTarget;
			buildConfigurationList = E41EAD831EE6A0760099AF7D /* Build configuration list for PBXNativeTarget "TestImage" */;
			buildPhases = (
				E41EAD681EE6A0760099AF7D /* Sources */,
				E41EAD691EE6A0760099AF7D /* Frameworks */,
				E41EAD6A1EE6A0760099AF7D /* Resources */,
			);
			buildRules = (
			);
			dependencies = (
			);
			name = TestImage;
			productName = TestImage;
			productReference = E41EAD6C1EE6A0760099AF7D /* TestImage.app */;
			productType = "com.apple.product-type.application";
		};
/* End PBXNativeTarget section */

/* Begin PBXProject section */
		E41EAD641EE6A0760099AF7D /* Project object */ = {
			isa = PBXProject;
			attributes = {
				LastUpgradeCheck = 0830;
				ORGANIZATIONNAME = "Zhu Yu";
				TargetAttributes = {
					E41EAD6B1EE6A0760099AF7D = {
						CreatedOnToolsVersion = 8.3.2;
						ProvisioningStyle = Automatic;
					};
				};
			};
			buildConfigurationList = E41EAD671EE6A0760099AF7D /* Build configuration list for PBXProject "TestImage" */;
			compatibilityVersion = "Xcode 3.2";
			developmentRegion = English;
			hasScannedForEncodings = 0;
			knownRegions = (
				en,
				Base,
			);
			mainGroup = E41EAD631EE6A0760099AF7D;
			productRefGroup = E41EAD6D1EE6A0760099AF7D /* Products */;
			projectDirPath = "";
			projectRoot = "";
			targets = (
				E41EAD6B1EE6A0760099AF7D /* TestImage */,
			);
		};
/* End PBXProject section */

/* Begin PBXResourcesBuildPhase section */
		E41EAD6A1EE6A0760099AF7D /* Resources */ = {
			isa = PBXResourcesBuildPhase;
			buildActionMask = 2147483647;
			files = (
				E41EAD7F1EE6A0760099AF7D /* LaunchScreen.storyboard in Resources */,
				E41EAD871EE6A18C0099AF7D /* 3-14112G04423.jpg in Resources */,
				E41EAD7C1EE6A0760099AF7D /* Assets.xcassets in Resources */,
				E41EAD7A1EE6A0760099AF7D /* Main.storyboard in Resources */,
			);
			runOnlyForDeploymentPostprocessing = 0;
		};
/* End PBXResourcesBuildPhase section */

/* Begin PBXSourcesBuildPhase section */
		E41EAD681EE6A0760099AF7D /* Sources */ = {
			isa = PBXSourcesBuildPhase;
			buildActionMask = 2147483647;
			files = (
				E41EAD8B1EE6ADBD0099AF7D /* WeiView.m in Sources */,
				E41EAD771EE6A0760099AF7D /* ViewController.m in Sources */,
				E41EAD741EE6A0760099AF7D /* AppDelegate.m in Sources */,
				E41EAD711EE6A0760099AF7D /* main.m in Sources */,
			);
			runOnlyForDeploymentPostprocessing = 0;
		};
/* End PBXSourcesBuildPhase section */

/* Begin PBXVariantGroup section */
		E41EAD781EE6A0760099AF7D /* Main.storyboard */ = {
			isa = PBXVariantGroup;
			children = (
				E41EAD791EE6A0760099AF7D /* Base */,
			);
			name = Main.storyboard;
			sourceTree = "<group>";
		};
		E41EAD7D1EE6A0760099AF7D /* LaunchScreen.storyboard */ = {
			isa = PBXVariantGroup;
			children = (
				E41EAD7E1EE6A0760099AF7D /* Base */,
			);
			name = LaunchScreen.storyboard;
			sourceTree = "<group>";
		};
/* End PBXVariantGroup section */

/* Begin XCBuildConfiguration section */
		E41EAD811EE6A0760099AF7D /* Debug */ = {
			isa = XCBuildConfiguration;
			buildSettings = {
				ALWAYS_SEARCH_USER_PATHS = NO;
				CLANG_ANALYZER_NONNULL = YES;
				CLANG_ANALYZER_NUMBER_OBJECT_CONVERSION = YES_AGGRESSIVE;
				CLANG_CXX_LANGUAGE_STANDARD = "gnu++0x";
				CLANG_CXX_LIBRARY = "libc++";
				CLANG_ENABLE_MODULES = YES;
				CLANG_ENABLE_OBJC_ARC = YES;
				CLANG_WARN_BOOL_CONVERSION = YES;
				CLANG_WARN_CONSTANT_CONVERSION = YES;
				CLANG_WARN_DIRECT_OBJC_ISA_USAGE = YES_ERROR;
				CLANG_WARN_DOCUMENTATION_COMMENTS = YES;
				CLANG_WARN_EMPTY_BODY = YES;
				CLANG_WARN_ENUM_CONVERSION = YES;
				CLANG_WARN_INFINITE_RECURSION = YES;
				CLANG_WARN_INT_CONVERSION = YES;
				CLANG_WARN_OBJC_ROOT_CLASS = YES_ERROR;
				CLANG_WARN_SUSPICIOUS_MOVE = YES;
				CLANG_WARN_UNREACHABLE_CODE = YES;
				CLANG_WARN__DUPLICATE_METHOD_MATCH = YES;
				"CODE_SIGN_IDENTITY[sdk=iphoneos*]" = "iPhone Developer";
				COPY_PHASE_STRIP = NO;
				DEBUG_INFORMATION_FORMAT = dwarf;
				ENABLE_STRICT_OBJC_MSGSEND = YES;
				ENABLE_TESTABILITY = YES;
				GCC_C_LANGUAGE_STANDARD = gnu99;
				GCC_DYNAMIC_NO_PIC = NO;
				GCC_NO_COMMON_BLOCKS = YES;
				GCC_OPTIMIZATION_LEVEL = 0;
				GCC_PREPROCESSOR_DEFINITIONS = (
					"DEBUG=1",
					"$(inherited)",
				);
				GCC_WARN_64_TO_32_BIT_CONVERSION = YES;
				GCC_WARN_ABOUT_RETURN_TYPE = YES_ERROR;
				GCC_WARN_UNDECLARED_SELECTOR = YES;
				GCC_WARN_UNINITIALIZED_AUTOS = YES_AGGRESSIVE;
				GCC_WARN_UNUSED_FUNCTION = YES;
				GCC_WARN_UNUSED_VARIABLE = YES;
				IPHONEOS_DEPLOYMENT_TARGET = 10.3;
				MTL_ENABLE_DEBUG_INFO = YES;
				ONLY_ACTIVE_ARCH = YES;
				SDKROOT = iphoneos;
				TARGETED_DEVICE_FAMILY = "1,2";
			};
			name = Debug;
		};
		E41EAD821EE6A0760099AF7D /* Release */ = {
			isa = XCBuildConfiguration;
			buildSettings = {
				ALWAYS_SEARCH_USER_PATHS = NO;
				CLANG_ANALYZER_NONNULL = YES;
				CLANG_ANALYZER_NUMBER_OBJECT_CONVERSION = YES_AGGRESSIVE;
				CLANG_CXX_LANGUAGE_STANDARD = "gnu++0x";
				CLANG_CXX_LIBRARY = "libc++";
				CLANG_ENABLE_MODULES = YES;
				CLANG_ENABLE_OBJC_ARC = YES;
				CLANG_WARN_BOOL_CONVERSION = YES;
				CLANG_WARN_CONSTANT_CONVERSION = YES;
				CLANG_WARN_DIRECT_OBJC_ISA_USAGE = YES_ERROR;
				CLANG_WARN_DOCUMENTATION_COMMENTS = YES;
				CLANG_WARN_EMPTY_BODY = YES;
				CLANG_WARN_ENUM_CONVERSION = YES;
				CLANG_WARN_INFINITE_RECURSION = YES;
				CLANG_WARN_INT_CONVERSION = YES;
				CLANG_WARN_OBJC_ROOT_CLASS = YES_ERROR;
				CLANG_WARN_SUSPICIOUS_MOVE = YES;
				CLANG_WARN_UNREACHABLE_CODE = YES;
				CLANG_WARN__DUPLICATE_METHOD_MATCH = YES;
				"CODE_SIGN_IDENTITY[sdk=iphoneos*]" = "iPhone Developer";
				COPY_PHASE_STRIP = NO;
				DEBUG_INFORMATION_FORMAT = "dwarf-with-dsym";
				ENABLE_NS_ASSERTIONS = NO;
				ENABLE_STRICT_OBJC_MSGSEND = YES;
				GCC_C_LANGUAGE_STANDARD = gnu99;
				GCC_NO_COMMON_BLOCKS = YES;
				GCC_WARN_64_TO_32_BIT_CONVERSION = YES;
				GCC_WARN_ABOUT_RETURN_TYPE = YES_ERROR;
				GCC_WARN_UNDECLARED_SELECTOR = YES;
				GCC_WARN_UNINITIALIZED_AUTOS = YES_AGGRESSIVE;
				GCC_WARN_UNUSED_FUNCTION = YES;
				GCC_WARN_UNUSED_VARIABLE = YES;
				IPHONEOS_DEPLOYMENT_TARGET = 10.3;
				MTL_ENABLE_DEBUG_INFO = NO;
				SDKROOT = iphoneos;
				TARGETED_DEVICE_FAMILY = "1,2";
				VALIDATE_PRODUCT = YES;
			};
			name = Release;
		};
		E41EAD841EE6A0760099AF7D /* Debug */ = {
			isa = XCBuildConfiguration;
			buildSettings = {
				ASSETCATALOG_COMPILER_APPICON_NAME = AppIcon;
				INFOPLIST_FILE = TestImage/Info.plist;
				LD_RUNPATH_SEARCH_PATHS = "$(inherited) @executable_path/Frameworks";
				PRODUCT_BUNDLE_IDENTIFIER = com.qcsoft.eduself.TestImage;
				PRODUCT_NAME = "$(TARGET_NAME)";
			};
			name = Debug;
		};
		E41EAD851EE6A0760099AF7D /* Release */ = {
			isa = XCBuildConfiguration;
			buildSettings = {
				ASSETCATALOG_COMPILER_APPICON_NAME = AppIcon;
				INFOPLIST_FILE = TestImage/Info.plist;
				LD_RUNPATH_SEARCH_PATHS = "$(inherited) @executable_path/Frameworks";
				PRODUCT_BUNDLE_IDENTIFIER = com.qcsoft.eduself.TestImage;
				PRODUCT_NAME = "$(TARGET_NAME)";
			};
			name = Release;
		};
/* End XCBuildConfiguration section */

/* Begin XCConfigurationList section */
		E41EAD671EE6A0760099AF7D /* Build configuration list for PBXProject "TestImage" */ = {
			isa = XCConfigurationList;
			buildConfigurations = (
				E41EAD811EE6A0760099AF7D /* Debug */,
				E41EAD821EE6A0760099AF7D /* Release */,
			);
			defaultConfigurationIsVisible = 0;
			defaultConfigurationName = Release;
		};
		E41EAD831EE6A0760099AF7D /* Build configuration list for PBXNativeTarget "TestImage" */ = {
			isa = XCConfigurationList;
			buildConfigurations = (
				E41EAD841EE6A0760099AF7D /* Debug */,
				E41EAD851EE6A0760099AF7D /* Release */,
			);
			defaultConfigurationIsVisible = 0;
		};
/* End XCConfigurationList section */
	};
	rootObject = E41EAD641EE6A0760099AF7D /* Project object */;
}
